
Microsoft Visual Studio Solution File, Format Version 12.00
# Visual Studio Version 16
VisualStudioVersion = 16.0.31613.86
MinimumVisualStudioVersion = 10.0.40219.1
Project("{9A19103F-16F7-4668-BE54-9A1E7A4F7556}") = "Blue.Infra", "Blue.Data\Blue.Infra.csproj", "{21982D48-741F-4237-8A22-703CFD6BBD84}"
EndProject
Project("{9A19103F-16F7-4668-BE54-9A1E7A4F7556}") = "Blue.Domain", "Blue.Domain\Blue.Domain.csproj", "{5005DF59-1759-4490-8128-CA2B2BC095A1}"
EndProject
Project("{9A19103F-16F7-4668-BE54-9A1E7A4F7556}") = "Blue.Api", "Blue.Api\Blue.Api.csproj", "{6E41AB92-E834-4367-8B62-B07633FDB7E8}"
EndProject
Global
	GlobalSection(SolutionConfigurationPlatforms) = preSolution
		Debug|Any CPU = Debug|Any CPU
		Release|Any CPU = Release|Any CPU
	EndGlobalSection
	GlobalSection(ProjectConfigurationPlatforms) = postSolution
		{21982D48-741F-4237-8A22-703CFD6BBD84}.Debug|Any CPU.ActiveCfg = Debug|Any CPU
		{21982D48-741F-4237-8A22-703CFD6BBD84}.Debug|Any CPU.Build.0 = Debug|Any CPU
		{21982D48-741F-4237-8A22-703CFD6BBD84}.Release|Any CPU.ActiveCfg = Release|Any CPU
		{21982D48-741F-4237-8A22-703CFD6BBD84}.Release|Any CPU.Build.0 = Release|Any CPU
		{5005DF59-1759-4490-8128-CA2B2BC095A1}.Debug|Any CPU.ActiveCfg = Debug|Any CPU
		{5005DF59-1759-4490-8128-CA2B2BC095A1}.Debug|Any CPU.Build.0 = Debug|Any CPU
		{5005DF59-1759-4490-8128-CA2B2BC095A1}.Release|Any CPU.ActiveCfg = Release|Any CPU
		{5005DF59-1759-4490-8128-CA2B2BC095A1}.Release|Any CPU.Build.0 = Release|Any CPU
		{6E41AB92-E834-4367-8B62-B07633FDB7E8}.Debug|Any CPU.ActiveCfg = Debug|Any CPU
		{6E41AB92-E834-4367-8B62-B07633FDB7E8}.Debug|Any CPU.Build.0 = Debug|Any CPU
		{6E41AB92-E834-4367-8B62-B07633FDB7E8}.Release|Any CPU.ActiveCfg = Release|Any CPU
		{6E41AB92-E834-4367-8B62-B07633FDB7E8}.Release|Any CPU.Build.0 = Release|Any CPU
	EndGlobalSection
	GlobalSection(SolutionProperties) = preSolution
		HideSolutionNode = FALSE
	EndGlobalSection
	GlobalSection(ExtensibilityGlobals) = postSolution
		SolutionGuid = {323251F5-17C4-4EF5-BA90-AD9C291173F0}
	EndGlobalSection
EndGlobal
